
Microsoft Visual Studio Solution File, Format Version 12.00
# Visual Studio Version 16
VisualStudioVersion = 16.0.31624.102
MinimumVisualStudioVersion = 10.0.40219.1
Project("{FAE04EC0-301F-11D3-BF4B-00C04F79EFBC}") = "MyFirstAsp.NetWebApp", "MyFirstAsp.NetWebApp\MyFirstAsp.NetWebApp.csproj", "{BAD0210D-E038-4CE0-AD52-BDE36A828CF6}"
EndProject
Global
	GlobalSection(SolutionConfigurationPlatforms) = preSolution
		Debug|Any CPU = Debug|Any CPU
		Release|Any CPU = Release|Any CPU
	EndGlobalSection
	GlobalSection(ProjectConfigurationPlatforms) = postSolution
		{BAD0210D-E038-4CE0-AD52-BDE36A828CF6}.Debug|Any CPU.ActiveCfg = Debug|Any CPU
		{BAD0210D-E038-4CE0-AD52-BDE36A828CF6}.Debug|Any CPU.Build.0 = Debug|Any CPU
		{BAD0210D-E038-4CE0-AD52-BDE36A828CF6}.Release|Any CPU.ActiveCfg = Release|Any CPU
		{BAD0210D-E038-4CE0-AD52-BDE36A828CF6}.Release|Any CPU.Build.0 = Release|Any CPU
	EndGlobalSection
	GlobalSection(SolutionProperties) = preSolution
		HideSolutionNode = FALSE
	EndGlobalSection
	GlobalSection(ExtensibilityGlobals) = postSolution
		SolutionGuid = {5CBFE71E-1AF9-422B-8EE0-90F923C2B473}
	EndGlobalSection
EndGlobal
